// !$*UTF8*$!
{
	archiveVersion = 1;
	classes = {
	};
	objectVersion = 48;
	objects = {

/* Begin PBXBuildFile section */
		1E3E2F442005D0BB001E2991 /* AppDelegate.m in Sources */ = {isa = PBXBuildFile; fileRef = 1E3E2F432005D0BB001E2991 /* AppDelegate.m */; };
		1E3E2F472005D0BB001E2991 /* ViewController.m in Sources */ = {isa = PBXBuildFile; fileRef = 1E3E2F462005D0BB001E2991 /* ViewController.m */; };
		1E3E2F4A2005D0BB001E2991 /* Main.storyboard in Resources */ = {isa = PBXBuildFile; fileRef = 1E3E2F482005D0BB001E2991 /* Main.storyboard */; };
		1E3E2F4D2005D0BB001E2991 /* B_Category.xcdatamodeld in Sources */ = {isa = PBXBuildFile; fileRef = 1E3E2F4B2005D0BB001E2991 /* B_Category.xcdatamodeld */; };
		1E3E2F4F2005D0BB001E2991 /* Assets.xcassets in Resources */ = {isa = PBXBuildFile; fileRef = 1E3E2F4E2005D0BB001E2991 /* Assets.xcassets */; };
		1E3E2F522005D0BB001E2991 /* LaunchScreen.storyboard in Resources */ = {isa = PBXBuildFile; fileRef = 1E3E2F502005D0BB001E2991 /* LaunchScreen.storyboard */; };
		1E3E2F552005D0BB001E2991 /* main.m in Sources */ = {isa = PBXBuildFile; fileRef = 1E3E2F542005D0BB001E2991 /* main.m */; };
		1E3E2F5E2005D459001E2991 /* CTMediator+B.m in Sources */ = {isa = PBXBuildFile; fileRef = 1E3E2F5D2005D459001E2991 /* CTMediator+B.m */; };
		BCC846A6BD0B2F2F6BFE7A5F /* libPods-B_Category.a in Frameworks */ = {isa = PBXBuildFile; fileRef = 51C5B15ED8CD8B78F512CD43 /* libPods-B_Category.a */; };
/* End PBXBuildFile section */

/* Begin PBXFileReference section */
		11D3F2985D3D41EADF2D233E /* Pods-B_Category.debug.xcconfig */ = {isa = PBXFileReference; includeInIndex = 1; lastKnownFileType = text.xcconfig; name = "Pods-B_Category.debug.xcconfig"; path = "Pods/Target Support Files/Pods-B_Category/Pods-B_Category.debug.xcconfig"; sourceTree = "<group>"; };
		1E3E2F3F2005D0BB001E2991 /* B_Category.app */ = {isa = PBXFileReference; explicitFileType = wrapper.application; includeInIndex = 0; path = B_Category.app; sourceTree = BUILT_PRODUCTS_DIR; };
		1E3E2F422005D0BB001E2991 /* AppDelegate.h */ = {isa = PBXFileReference; lastKnownFileType = sourcecode.c.h; path = AppDelegate.h; sourceTree = "<group>"; };
		1E3E2F432005D0BB001E2991 /* AppDelegate.m */ = {isa = PBXFileReference; lastKnownFileType = sourcecode.c.objc; path = AppDelegate.m; sourceTree = "<group>"; };
		1E3E2F452005D0BB001E2991 /* ViewController.h */ = {isa = PBXFileReference; lastKnownFileType = sourcecode.c.h; path = ViewController.h; sourceTree = "<group>"; };
		1E3E2F462005D0BB001E2991 /* ViewController.m */ = {isa = PBXFileReference; lastKnownFileType = sourcecode.c.objc; path = ViewController.m; sourceTree = "<group>"; };
		1E3E2F492005D0BB001E2991 /* Base */ = {isa = PBXFileReference; lastKnownFileType = file.storyboard; name = Base; path = Base.lproj/Main.storyboard; sourceTree = "<group>"; };
		1E3E2F4C2005D0BB001E2991 /* B_Category.xcdatamodel */ = {isa = PBXFileReference; lastKnownFileType = wrapper.xcdatamodel; path = B_Category.xcdatamodel; sourceTree = "<group>"; };
		1E3E2F4E2005D0BB001E2991 /* Assets.xcassets */ = {isa = PBXFileReference; lastKnownFileType = folder.assetcatalog; path = Assets.xcassets; sourceTree = "<group>"; };
		1E3E2F512005D0BB001E2991 /* Base */ = {isa = PBXFileReference; lastKnownFileType = file.storyboard; name = Base; path = Base.lproj/LaunchScreen.storyboard; sourceTree = "<group>"; };
		1E3E2F532005D0BB001E2991 /* Info.plist */ = {isa = PBXFileReference; lastKnownFileType = text.plist.xml; path = Info.plist; sourceTree = "<group>"; };
		1E3E2F542005D0BB001E2991 /* main.m */ = {isa = PBXFileReference; lastKnownFileType = sourcecode.c.objc; path = main.m; sourceTree = "<group>"; };
		1E3E2F5C2005D459001E2991 /* CTMediator+B.h */ = {isa = PBXFileReference; lastKnownFileType = sourcecode.c.h; path = "CTMediator+B.h"; sourceTree = "<group>"; };
		1E3E2F5D2005D459001E2991 /* CTMediator+B.m */ = {isa = PBXFileReference; lastKnownFileType = sourcecode.c.objc; path = "CTMediator+B.m"; sourceTree = "<group>"; };
		51C5B15ED8CD8B78F512CD43 /* libPods-B_Category.a */ = {isa = PBXFileReference; explicitFileType = archive.ar; includeInIndex = 0; path = "libPods-B_Category.a"; sourceTree = BUILT_PRODUCTS_DIR; };
		8C41E011915436903B960E9C /* Pods-B_Category.release.xcconfig */ = {isa = PBXFileReference; includeInIndex = 1; lastKnownFileType = text.xcconfig; name = "Pods-B_Category.release.xcconfig"; path = "Pods/Target Support Files/Pods-B_Category/Pods-B_Category.release.xcconfig"; sourceTree = "<group>"; };
/* End PBXFileReference section */

/* Begin PBXFrameworksBuildPhase section */
		1E3E2F3C2005D0BB001E2991 /* Frameworks */ = {
			isa = PBXFrameworksBuildPhase;
			buildActionMask = 2147483647;
			files = (
				BCC846A6BD0B2F2F6BFE7A5F /* libPods-B_Category.a in Frameworks */,
			);
			runOnlyForDeploymentPostprocessing = 0;
		};
/* End PBXFrameworksBuildPhase section */

/* Begin PBXGroup section */
		1E3E2F362005D0BB001E2991 = {
			isa = PBXGroup;
			children = (
				1E3E2F412005D0BB001E2991 /* B_Category */,
				1E3E2F402005D0BB001E2991 /* Products */,
				EF23B4CD15D7560ED68B8C7F /* Pods */,
				804AFF0450EFD2DA5259E0A3 /* Frameworks */,
			);
			sourceTree = "<group>";
		};
		1E3E2F402005D0BB001E2991 /* Products */ = {
			isa = PBXGroup;
			children = (
				1E3E2F3F2005D0BB001E2991 /* B_Category.app */,
			);
			name = Products;
			sourceTree = "<group>";
		};
		1E3E2F412005D0BB001E2991 /* B_Category */ = {
			isa = PBXGroup;
			children = (
				1E3E2F5B2005D43F001E2991 /* B_Category */,
				1E3E2F422005D0BB001E2991 /* AppDelegate.h */,
				1E3E2F432005D0BB001E2991 /* AppDelegate.m */,
				1E3E2F452005D0BB001E2991 /* ViewController.h */,
				1E3E2F462005D0BB001E2991 /* ViewController.m */,
				1E3E2F482005D0BB001E2991 /* Main.storyboard */,
				1E3E2F4E2005D0BB001E2991 /* Assets.xcassets */,
				1E3E2F502005D0BB001E2991 /* LaunchScreen.storyboard */,
				1E3E2F532005D0BB001E2991 /* Info.plist */,
				1E3E2F542005D0BB001E2991 /* main.m */,
				1E3E2F4B2005D0BB001E2991 /* B_Category.xcdatamodeld */,
			);
			path = B_Category;
			sourceTree = "<group>";
		};
		1E3E2F5B2005D43F001E2991 /* B_Category */ = {
			isa = PBXGroup;
			children = (
				1E3E2F5C2005D459001E2991 /* CTMediator+B.h */,
				1E3E2F5D2005D459001E2991 /* CTMediator+B.m */,
			);
			path = B_Category;
			sourceTree = "<group>";
		};
		804AFF0450EFD2DA5259E0A3 /* Frameworks */ = {
			isa = PBXGroup;
			children = (
				51C5B15ED8CD8B78F512CD43 /* libPods-B_Category.a */,
			);
			name = Frameworks;
			sourceTree = "<group>";
		};
		EF23B4CD15D7560ED68B8C7F /* Pods */ = {
			isa = PBXGroup;
			children = (
				11D3F2985D3D41EADF2D233E /* Pods-B_Category.debug.xcconfig */,
				8C41E011915436903B960E9C /* Pods-B_Category.release.xcconfig */,
			);
			name = Pods;
			sourceTree = "<group>";
		};
/* End PBXGroup section */

/* Begin PBXNativeTarget section */
		1E3E2F3E2005D0BB001E2991 /* B_Category */ = {
			isa = PBXNativeTarget;
			buildConfigurationList = 1E3E2F582005D0BB001E2991 /* Build configuration list for PBXNativeTarget "B_Category" */;
			buildPhases = (
				0D29F48ABBA3ED2D5B31AFAA /* [CP] Check Pods Manifest.lock */,
				1E3E2F3B2005D0BB001E2991 /* Sources */,
				1E3E2F3C2005D0BB001E2991 /* Frameworks */,
				1E3E2F3D2005D0BB001E2991 /* Resources */,
				449FC7566A863107772A1761 /* [CP] Embed Pods Frameworks */,
				4CD7B57D5732BF6A4A930562 /* [CP] Copy Pods Resources */,
			);
			buildRules = (
			);
			dependencies = (
			);
			name = B_Category;
			productName = B_Category;
			productReference = 1E3E2F3F2005D0BB001E2991 /* B_Category.app */;
			productType = "com.apple.product-type.application";
		};
/* End PBXNativeTarget section */

/* Begin PBXProject section */
		1E3E2F372005D0BB001E2991 /* Project object */ = {
			isa = PBXProject;
			attributes = {
				LastUpgradeCheck = 0920;
				ORGANIZATIONNAME = X;
				TargetAttributes = {
					1E3E2F3E2005D0BB001E2991 = {
						CreatedOnToolsVersion = 9.2;
						ProvisioningStyle = Automatic;
					};
				};
			};
			buildConfigurationList = 1E3E2F3A2005D0BB001E2991 /* Build configuration list for PBXProject "B_Category" */;
			compatibilityVersion = "Xcode 8.0";
			developmentRegion = en;
			hasScannedForEncodings = 0;
			knownRegions = (
				en,
				Base,
			);
			mainGroup = 1E3E2F362005D0BB001E2991;
			productRefGroup = 1E3E2F402005D0BB001E2991 /* Products */;
			projectDirPath = "";
			projectRoot = "";
			targets = (
				1E3E2F3E2005D0BB001E2991 /* B_Category */,
			);
		};
/* End PBXProject section */

/* Begin PBXResourcesBuildPhase section */
		1E3E2F3D2005D0BB001E2991 /* Resources */ = {
			isa = PBXResourcesBuildPhase;
			buildActionMask = 2147483647;
			files = (
				1E3E2F522005D0BB001E2991 /* LaunchScreen.storyboard in Resources */,
				1E3E2F4F2005D0BB001E2991 /* Assets.xcassets in Resources */,
				1E3E2F4A2005D0BB001E2991 /* Main.storyboard in Resources */,
			);
			runOnlyForDeploymentPostprocessing = 0;
		};
/* End PBXResourcesBuildPhase section */

/* Begin PBXShellScriptBuildPhase section */
		0D29F48ABBA3ED2D5B31AFAA /* [CP] Check Pods Manifest.lock */ = {
			isa = PBXShellScriptBuildPhase;
			buildActionMask = 2147483647;
			files = (
			);
			inputPaths = (
				"${PODS_PODFILE_DIR_PATH}/Podfile.lock",
				"${PODS_ROOT}/Manifest.lock",
			);
			name = "[CP] Check Pods Manifest.lock";
			outputPaths = (
				"$(DERIVED_FILE_DIR)/Pods-B_Category-checkManifestLockResult.txt",
			);
			runOnlyForDeploymentPostprocessing = 0;
			shellPath = /bin/sh;
			shellScript = "diff \"${PODS_PODFILE_DIR_PATH}/Podfile.lock\" \"${PODS_ROOT}/Manifest.lock\" > /dev/null\nif [ $? != 0 ] ; then\n    # print error to STDERR\n    echo \"error: The sandbox is not in sync with the Podfile.lock. Run 'pod install' or update your CocoaPods installation.\" >&2\n    exit 1\nfi\n# This output is used by Xcode 'outputs' to avoid re-running this script phase.\necho \"SUCCESS\" > \"${SCRIPT_OUTPUT_FILE_0}\"\n";
			showEnvVarsInLog = 0;
		};
		449FC7566A863107772A1761 /* [CP] Embed Pods Frameworks */ = {
			isa = PBXShellScriptBuildPhase;
			buildActionMask = 2147483647;
			files = (
			);
			inputPaths = (
			);
			name = "[CP] Embed Pods Frameworks";
			outputPaths = (
			);
			runOnlyForDeploymentPostprocessing = 0;
			shellPath = /bin/sh;
			shellScript = "\"${SRCROOT}/Pods/Target Support Files/Pods-B_Category/Pods-B_Category-frameworks.sh\"\n";
			showEnvVarsInLog = 0;
		};
		4CD7B57D5732BF6A4A930562 /* [CP] Copy Pods Resources */ = {
			isa = PBXShellScriptBuildPhase;
			buildActionMask = 2147483647;
			files = (
			);
			inputPaths = (
			);
			name = "[CP] Copy Pods Resources";
			outputPaths = (
			);
			runOnlyForDeploymentPostprocessing = 0;
			shellPath = /bin/sh;
			shellScript = "\"${SRCROOT}/Pods/Target Support Files/Pods-B_Category/Pods-B_Category-resources.sh\"\n";
			showEnvVarsInLog = 0;
		};
/* End PBXShellScriptBuildPhase section */

/* Begin PBXSourcesBuildPhase section */
		1E3E2F3B2005D0BB001E2991 /* Sources */ = {
			isa = PBXSourcesBuildPhase;
			buildActionMask = 2147483647;
			files = (
				1E3E2F472005D0BB001E2991 /* ViewController.m in Sources */,
				1E3E2F442005D0BB001E2991 /* AppDelegate.m in Sources */,
				1E3E2F552005D0BB001E2991 /* main.m in Sources */,
				1E3E2F4D2005D0BB001E2991 /* B_Category.xcdatamodeld in Sources */,
				1E3E2F5E2005D459001E2991 /* CTMediator+B.m in Sources */,
			);
			runOnlyForDeploymentPostprocessing = 0;
		};
/* End PBXSourcesBuildPhase section */

/* Begin PBXVariantGroup section */
		1E3E2F482005D0BB001E2991 /* Main.storyboard */ = {
			isa = PBXVariantGroup;
			children = (
				1E3E2F492005D0BB001E2991 /* Base */,
			);
			name = Main.storyboard;
			sourceTree = "<group>";
		};
		1E3E2F502005D0BB001E2991 /* LaunchScreen.storyboard */ = {
			isa = PBXVariantGroup;
			children = (
				1E3E2F512005D0BB001E2991 /* Base */,
			);
			name = LaunchScreen.storyboard;
			sourceTree = "<group>";
		};
/* End PBXVariantGroup section */

/* Begin XCBuildConfiguration section */
		1E3E2F562005D0BB001E2991 /* Debug */ = {
			isa = XCBuildConfiguration;
			buildSettings = {
				ALWAYS_SEARCH_USER_PATHS = NO;
				CLANG_ANALYZER_NONNULL = YES;
				CLANG_ANALYZER_NUMBER_OBJECT_CONVERSION = YES_AGGRESSIVE;
				CLANG_CXX_LANGUAGE_STANDARD = "gnu++14";
				CLANG_CXX_LIBRARY = "libc++";
				CLANG_ENABLE_MODULES = YES;
				CLANG_ENABLE_OBJC_ARC = YES;
				CLANG_WARN_BLOCK_CAPTURE_AUTORELEASING = YES;
				CLANG_WARN_BOOL_CONVERSION = YES;
				CLANG_WARN_COMMA = YES;
				CLANG_WARN_CONSTANT_CONVERSION = YES;
				CLANG_WARN_DIRECT_OBJC_ISA_USAGE = YES_ERROR;
				CLANG_WARN_DOCUMENTATION_COMMENTS = YES;
				CLANG_WARN_EMPTY_BODY = YES;
				CLANG_WARN_ENUM_CONVERSION = YES;
				CLANG_WARN_INFINITE_RECURSION = YES;
				CLANG_WARN_INT_CONVERSION = YES;
				CLANG_WARN_NON_LITERAL_NULL_CONVERSION = YES;
				CLANG_WARN_OBJC_LITERAL_CONVERSION = YES;
				CLANG_WARN_OBJC_ROOT_CLASS = YES_ERROR;
				CLANG_WARN_RANGE_LOOP_ANALYSIS = YES;
				CLANG_WARN_STRICT_PROTOTYPES = YES;
				CLANG_WARN_SUSPICIOUS_MOVE = YES;
				CLANG_WARN_UNGUARDED_AVAILABILITY = YES_AGGRESSIVE;
				CLANG_WARN_UNREACHABLE_CODE = YES;
				CLANG_WARN__DUPLICATE_METHOD_MATCH = YES;
				CODE_SIGN_IDENTITY = "iPhone Developer";
				COPY_PHASE_STRIP = NO;
				DEBUG_INFORMATION_FORMAT = dwarf;
				ENABLE_STRICT_OBJC_MSGSEND = YES;
				ENABLE_TESTABILITY = YES;
				GCC_C_LANGUAGE_STANDARD = gnu11;
				GCC_DYNAMIC_NO_PIC = NO;
				GCC_NO_COMMON_BLOCKS = YES;
				GCC_OPTIMIZATION_LEVEL = 0;
				GCC_PREPROCESSOR_DEFINITIONS = (
					"DEBUG=1",
					"$(inherited)",
				);
				GCC_WARN_64_TO_32_BIT_CONVERSION = YES;
				GCC_WARN_ABOUT_RETURN_TYPE = YES_ERROR;
				GCC_WARN_UNDECLARED_SELECTOR = YES;
				GCC_WARN_UNINITIALIZED_AUTOS = YES_AGGRESSIVE;
				GCC_WARN_UNUSED_FUNCTION = YES;
				GCC_WARN_UNUSED_VARIABLE = YES;
				IPHONEOS_DEPLOYMENT_TARGET = 11.2;
				MTL_ENABLE_DEBUG_INFO = YES;
				ONLY_ACTIVE_ARCH = YES;
				SDKROOT = iphoneos;
			};
			name = Debug;
		};
		1E3E2F572005D0BB001E2991 /* Release */ = {
			isa = XCBuildConfiguration;
			buildSettings = {
				ALWAYS_SEARCH_USER_PATHS = NO;
				CLANG_ANALYZER_NONNULL = YES;
				CLANG_ANALYZER_NUMBER_OBJECT_CONVERSION = YES_AGGRESSIVE;
				CLANG_CXX_LANGUAGE_STANDARD = "gnu++14";
				CLANG_CXX_LIBRARY = "libc++";
				CLANG_ENABLE_MODULES = YES;
				CLANG_ENABLE_OBJC_ARC = YES;
				CLANG_WARN_BLOCK_CAPTURE_AUTORELEASING = YES;
				CLANG_WARN_BOOL_CONVERSION = YES;
				CLANG_WARN_COMMA = YES;
				CLANG_WARN_CONSTANT_CONVERSION = YES;
				CLANG_WARN_DIRECT_OBJC_ISA_USAGE = YES_ERROR;
				CLANG_WARN_DOCUMENTATION_COMMENTS = YES;
				CLANG_WARN_EMPTY_BODY = YES;
				CLANG_WARN_ENUM_CONVERSION = YES;
				CLANG_WARN_INFINITE_RECURSION = YES;
				CLANG_WARN_INT_CONVERSION = YES;
				CLANG_WARN_NON_LITERAL_NULL_CONVERSION = YES;
				CLANG_WARN_OBJC_LITERAL_CONVERSION = YES;
				CLANG_WARN_OBJC_ROOT_CLASS = YES_ERROR;
				CLANG_WARN_RANGE_LOOP_ANALYSIS = YES;
				CLANG_WARN_STRICT_PROTOTYPES = YES;
				CLANG_WARN_SUSPICIOUS_MOVE = YES;
				CLANG_WARN_UNGUARDED_AVAILABILITY = YES_AGGRESSIVE;
				CLANG_WARN_UNREACHABLE_CODE = YES;
				CLANG_WARN__DUPLICATE_METHOD_MATCH = YES;
				CODE_SIGN_IDENTITY = "iPhone Developer";
				COPY_PHASE_STRIP = NO;
				DEBUG_INFORMATION_FORMAT = "dwarf-with-dsym";
				ENABLE_NS_ASSERTIONS = NO;
				ENABLE_STRICT_OBJC_MSGSEND = YES;
				GCC_C_LANGUAGE_STANDARD = gnu11;
				GCC_NO_COMMON_BLOCKS = YES;
				GCC_WARN_64_TO_32_BIT_CONVERSION = YES;
				GCC_WARN_ABOUT_RETURN_TYPE = YES_ERROR;
				GCC_WARN_UNDECLARED_SELECTOR = YES;
				GCC_WARN_UNINITIALIZED_AUTOS = YES_AGGRESSIVE;
				GCC_WARN_UNUSED_FUNCTION = YES;
				GCC_WARN_UNUSED_VARIABLE = YES;
				IPHONEOS_DEPLOYMENT_TARGET = 11.2;
				MTL_ENABLE_DEBUG_INFO = NO;
				SDKROOT = iphoneos;
				VALIDATE_PRODUCT = YES;
			};
			name = Release;
		};
		1E3E2F592005D0BB001E2991 /* Debug */ = {
			isa = XCBuildConfiguration;
			baseConfigurationReference = 11D3F2985D3D41EADF2D233E /* Pods-B_Category.debug.xcconfig */;
			buildSettings = {
				ASSETCATALOG_COMPILER_APPICON_NAME = AppIcon;
				CODE_SIGN_STYLE = Automatic;
				INFOPLIST_FILE = B_Category/Info.plist;
				LD_RUNPATH_SEARCH_PATHS = "$(inherited) @executable_path/Frameworks";
				PRODUCT_BUNDLE_IDENTIFIER = "com.XJAndZZ.B-Category";
				PRODUCT_NAME = "$(TARGET_NAME)";
				TARGETED_DEVICE_FAMILY = "1,2";
			};
			name = Debug;
		};
		1E3E2F5A2005D0BB001E2991 /* Release */ = {
			isa = XCBuildConfiguration;
			baseConfigurationReference = 8C41E011915436903B960E9C /* Pods-B_Category.release.xcconfig */;
			buildSettings = {
				ASSETCATALOG_COMPILER_APPICON_NAME = AppIcon;
				CODE_SIGN_STYLE = Automatic;
				INFOPLIST_FILE = B_Category/Info.plist;
				LD_RUNPATH_SEARCH_PATHS = "$(inherited) @executable_path/Frameworks";
				PRODUCT_BUNDLE_IDENTIFIER = "com.XJAndZZ.B-Category";
				PRODUCT_NAME = "$(TARGET_NAME)";
				TARGETED_DEVICE_FAMILY = "1,2";
			};
			name = Release;
		};
/* End XCBuildConfiguration section */

/* Begin XCConfigurationList section */
		1E3E2F3A2005D0BB001E2991 /* Build configuration list for PBXProject "B_Category" */ = {
			isa = XCConfigurationList;
			buildConfigurations = (
				1E3E2F562005D0BB001E2991 /* Debug */,
				1E3E2F572005D0BB001E2991 /* Release */,
			);
			defaultConfigurationIsVisible = 0;
			defaultConfigurationName = Release;
		};
		1E3E2F582005D0BB001E2991 /* Build configuration list for PBXNativeTarget "B_Category" */ = {
			isa = XCConfigurationList;
			buildConfigurations = (
				1E3E2F592005D0BB001E2991 /* Debug */,
				1E3E2F5A2005D0BB001E2991 /* Release */,
			);
			defaultConfigurationIsVisible = 0;
			defaultConfigurationName = Release;
		};
/* End XCConfigurationList section */

/* Begin XCVersionGroup section */
		1E3E2F4B2005D0BB001E2991 /* B_Category.xcdatamodeld */ = {
			isa = XCVersionGroup;
			children = (
				1E3E2F4C2005D0BB001E2991 /* B_Category.xcdatamodel */,
			);
			currentVersion = 1E3E2F4C2005D0BB001E2991 /* B_Category.xcdatamodel */;
			path = B_Category.xcdatamodeld;
			sourceTree = "<group>";
			versionGroupType = wrapper.xcdatamodel;
		};
/* End XCVersionGroup section */
	};
	rootObject = 1E3E2F372005D0BB001E2991 /* Project object */;
}
